
Microsoft Visual Studio Solution File, Format Version 12.00
# Visual Studio Version 17
VisualStudioVersion = 17.5.33424.131
MinimumVisualStudioVersion = 10.0.40219.1
Project("{9A19103F-16F7-4668-BE54-9A1E7A4F7556}") = "AwesomeNet.Unit35", "AwesomeNet.Unit35\AwesomeNet.Unit35.csproj", "{0E88E237-1F13-4963-9EF6-4D0C2EAED81E}"
	ProjectSection(ProjectDependencies) = postProject
		{D14A3B89-6050-45F6-B796-E3B87C8B0C75} = {D14A3B89-6050-45F6-B796-E3B87C8B0C75}
		{FB7C5B5A-81EB-489F-ACDB-1F9F297FB82B} = {FB7C5B5A-81EB-489F-ACDB-1F9F297FB82B}
	EndProjectSection
EndProject
Project("{9A19103F-16F7-4668-BE54-9A1E7A4F7556}") = "Awesome.Front", "AwesomeFront\Awesome.Front.csproj", "{D14A3B89-6050-45F6-B796-E3B87C8B0C75}"
EndProject
Project("{9A19103F-16F7-4668-BE54-9A1E7A4F7556}") = "AwesomeNet.Repository", "AwesomeRepository\AwesomeNet.Repository.csproj", "{FB7C5B5A-81EB-489F-ACDB-1F9F297FB82B}"
EndProject
Global
	GlobalSection(SolutionConfigurationPlatforms) = preSolution
		Debug|Any CPU = Debug|Any CPU
		Release|Any CPU = Release|Any CPU
	EndGlobalSection
	GlobalSection(ProjectConfigurationPlatforms) = postSolution
		{0E88E237-1F13-4963-9EF6-4D0C2EAED81E}.Debug|Any CPU.ActiveCfg = Debug|Any CPU
		{0E88E237-1F13-4963-9EF6-4D0C2EAED81E}.Debug|Any CPU.Build.0 = Debug|Any CPU
		{0E88E237-1F13-4963-9EF6-4D0C2EAED81E}.Release|Any CPU.ActiveCfg = Release|Any CPU
		{0E88E237-1F13-4963-9EF6-4D0C2EAED81E}.Release|Any CPU.Build.0 = Release|Any CPU
		{D14A3B89-6050-45F6-B796-E3B87C8B0C75}.Debug|Any CPU.ActiveCfg = Debug|Any CPU
		{D14A3B89-6050-45F6-B796-E3B87C8B0C75}.Debug|Any CPU.Build.0 = Debug|Any CPU
		{D14A3B89-6050-45F6-B796-E3B87C8B0C75}.Release|Any CPU.ActiveCfg = Release|Any CPU
		{D14A3B89-6050-45F6-B796-E3B87C8B0C75}.Release|Any CPU.Build.0 = Release|Any CPU
		{FB7C5B5A-81EB-489F-ACDB-1F9F297FB82B}.Debug|Any CPU.ActiveCfg = Debug|Any CPU
		{FB7C5B5A-81EB-489F-ACDB-1F9F297FB82B}.Debug|Any CPU.Build.0 = Debug|Any CPU
		{FB7C5B5A-81EB-489F-ACDB-1F9F297FB82B}.Release|Any CPU.ActiveCfg = Release|Any CPU
		{FB7C5B5A-81EB-489F-ACDB-1F9F297FB82B}.Release|Any CPU.Build.0 = Release|Any CPU
	EndGlobalSection
	GlobalSection(SolutionProperties) = preSolution
		HideSolutionNode = FALSE
	EndGlobalSection
	GlobalSection(ExtensibilityGlobals) = postSolution
		SolutionGuid = {FCE21FFC-2F9C-492F-A7C2-B8A49D14D129}
	EndGlobalSection
EndGlobal
